// !$*UTF8*$!
{
	archiveVersion = 1;
	classes = {
	};
	objectVersion = 48;
	objects = {

/* Begin PBXBuildFile section */
		DF9B85AA2122EEEF00E10902 /* PersonTableViewCell.swift in Sources */ = {isa = PBXBuildFile; fileRef = DF9B85A82122EEEF00E10902 /* PersonTableViewCell.swift */; };
		DF9B85AB2122EEEF00E10902 /* PersonTableViewCell.xib in Resources */ = {isa = PBXBuildFile; fileRef = DF9B85A92122EEEF00E10902 /* PersonTableViewCell.xib */; };
		DF9B85AD2122F49800E10902 /* PersonModel.swift in Sources */ = {isa = PBXBuildFile; fileRef = DF9B85AC2122F49800E10902 /* PersonModel.swift */; };
		DFC64FC721229C840047C08D /* AppDelegate.swift in Sources */ = {isa = PBXBuildFile; fileRef = DFC64FC621229C840047C08D /* AppDelegate.swift */; };
		DFC64FC921229C840047C08D /* HitListViewController.swift in Sources */ = {isa = PBXBuildFile; fileRef = DFC64FC821229C840047C08D /* HitListViewController.swift */; };
		DFC64FCC21229C840047C08D /* Main.storyboard in Resources */ = {isa = PBXBuildFile; fileRef = DFC64FCA21229C840047C08D /* Main.storyboard */; };
		DFC64FCF21229C840047C08D /* HitList.xcdatamodeld in Sources */ = {isa = PBXBuildFile; fileRef = DFC64FCD21229C840047C08D /* HitList.xcdatamodeld */; };
		DFC64FD121229C840047C08D /* Assets.xcassets in Resources */ = {isa = PBXBuildFile; fileRef = DFC64FD021229C840047C08D /* Assets.xcassets */; };
		DFC64FD421229C840047C08D /* LaunchScreen.storyboard in Resources */ = {isa = PBXBuildFile; fileRef = DFC64FD221229C840047C08D /* LaunchScreen.storyboard */; };
/* End PBXBuildFile section */

/* Begin PBXFileReference section */
		DF9B85A82122EEEF00E10902 /* PersonTableViewCell.swift */ = {isa = PBXFileReference; lastKnownFileType = sourcecode.swift; path = PersonTableViewCell.swift; sourceTree = "<group>"; };
		DF9B85A92122EEEF00E10902 /* PersonTableViewCell.xib */ = {isa = PBXFileReference; lastKnownFileType = file.xib; path = PersonTableViewCell.xib; sourceTree = "<group>"; };
		DF9B85AC2122F49800E10902 /* PersonModel.swift */ = {isa = PBXFileReference; lastKnownFileType = sourcecode.swift; path = PersonModel.swift; sourceTree = "<group>"; };
		DFC64FC321229C840047C08D /* HitList.app */ = {isa = PBXFileReference; explicitFileType = wrapper.application; includeInIndex = 0; path = HitList.app; sourceTree = BUILT_PRODUCTS_DIR; };
		DFC64FC621229C840047C08D /* AppDelegate.swift */ = {isa = PBXFileReference; lastKnownFileType = sourcecode.swift; path = AppDelegate.swift; sourceTree = "<group>"; };
		DFC64FC821229C840047C08D /* HitListViewController.swift */ = {isa = PBXFileReference; lastKnownFileType = sourcecode.swift; path = HitListViewController.swift; sourceTree = "<group>"; };
		DFC64FCB21229C840047C08D /* Base */ = {isa = PBXFileReference; lastKnownFileType = file.storyboard; name = Base; path = Base.lproj/Main.storyboard; sourceTree = "<group>"; };
		DFC64FCE21229C840047C08D /* HitList.xcdatamodel */ = {isa = PBXFileReference; lastKnownFileType = wrapper.xcdatamodel; path = HitList.xcdatamodel; sourceTree = "<group>"; };
		DFC64FD021229C840047C08D /* Assets.xcassets */ = {isa = PBXFileReference; lastKnownFileType = folder.assetcatalog; path = Assets.xcassets; sourceTree = "<group>"; };
		DFC64FD321229C840047C08D /* Base */ = {isa = PBXFileReference; lastKnownFileType = file.storyboard; name = Base; path = Base.lproj/LaunchScreen.storyboard; sourceTree = "<group>"; };
		DFC64FD521229C840047C08D /* Info.plist */ = {isa = PBXFileReference; lastKnownFileType = text.plist.xml; path = Info.plist; sourceTree = "<group>"; };
/* End PBXFileReference section */

/* Begin PBXFrameworksBuildPhase section */
		DFC64FC021229C840047C08D /* Frameworks */ = {
			isa = PBXFrameworksBuildPhase;
			buildActionMask = 2147483647;
			files = (
			);
			runOnlyForDeploymentPostprocessing = 0;
		};
/* End PBXFrameworksBuildPhase section */

/* Begin PBXGroup section */
		DFC64FBA21229C840047C08D = {
			isa = PBXGroup;
			children = (
				DFC64FC521229C840047C08D /* HitList */,
				DFC64FC421229C840047C08D /* Products */,
			);
			sourceTree = "<group>";
		};
		DFC64FC421229C840047C08D /* Products */ = {
			isa = PBXGroup;
			children = (
				DFC64FC321229C840047C08D /* HitList.app */,
			);
			name = Products;
			sourceTree = "<group>";
		};
		DFC64FC521229C840047C08D /* HitList */ = {
			isa = PBXGroup;
			children = (
				DFC64FDB21229C910047C08D /* VC */,
				DFC64FC621229C840047C08D /* AppDelegate.swift */,
				DFC64FCA21229C840047C08D /* Main.storyboard */,
				DFC64FD021229C840047C08D /* Assets.xcassets */,
				DFC64FD221229C840047C08D /* LaunchScreen.storyboard */,
				DFC64FD521229C840047C08D /* Info.plist */,
				DFC64FCD21229C840047C08D /* HitList.xcdatamodeld */,
				DF9B85A82122EEEF00E10902 /* PersonTableViewCell.swift */,
				DF9B85A92122EEEF00E10902 /* PersonTableViewCell.xib */,
				DF9B85AC2122F49800E10902 /* PersonModel.swift */,
			);
			path = HitList;
			sourceTree = "<group>";
		};
		DFC64FDB21229C910047C08D /* VC */ = {
			isa = PBXGroup;
			children = (
				DFC64FC821229C840047C08D /* HitListViewController.swift */,
			);
			path = VC;
			sourceTree = "<group>";
		};
/* End PBXGroup section */

/* Begin PBXNativeTarget section */
		DFC64FC221229C840047C08D /* HitList */ = {
			isa = PBXNativeTarget;
			buildConfigurationList = DFC64FD821229C840047C08D /* Build configuration list for PBXNativeTarget "HitList" */;
			buildPhases = (
				DFC64FBF21229C840047C08D /* Sources */,
				DFC64FC021229C840047C08D /* Frameworks */,
				DFC64FC121229C840047C08D /* Resources */,
			);
			buildRules = (
			);
			dependencies = (
			);
			name = HitList;
			productName = HitList;
			productReference = DFC64FC321229C840047C08D /* HitList.app */;
			productType = "com.apple.product-type.application";
		};
/* End PBXNativeTarget section */

/* Begin PBXProject section */
		DFC64FBB21229C840047C08D /* Project object */ = {
			isa = PBXProject;
			attributes = {
				LastSwiftUpdateCheck = 0900;
				LastUpgradeCheck = 0900;
				ORGANIZATIONNAME = genora;
				TargetAttributes = {
					DFC64FC221229C840047C08D = {
						CreatedOnToolsVersion = 9.0;
						ProvisioningStyle = Automatic;
					};
				};
			};
			buildConfigurationList = DFC64FBE21229C840047C08D /* Build configuration list for PBXProject "HitList" */;
			compatibilityVersion = "Xcode 8.0";
			developmentRegion = en;
			hasScannedForEncodings = 0;
			knownRegions = (
				en,
				Base,
			);
			mainGroup = DFC64FBA21229C840047C08D;
			productRefGroup = DFC64FC421229C840047C08D /* Products */;
			projectDirPath = "";
			projectRoot = "";
			targets = (
				DFC64FC221229C840047C08D /* HitList */,
			);
		};
/* End PBXProject section */

/* Begin PBXResourcesBuildPhase section */
		DFC64FC121229C840047C08D /* Resources */ = {
			isa = PBXResourcesBuildPhase;
			buildActionMask = 2147483647;
			files = (
				DFC64FD421229C840047C08D /* LaunchScreen.storyboard in Resources */,
				DFC64FD121229C840047C08D /* Assets.xcassets in Resources */,
				DF9B85AB2122EEEF00E10902 /* PersonTableViewCell.xib in Resources */,
				DFC64FCC21229C840047C08D /* Main.storyboard in Resources */,
			);
			runOnlyForDeploymentPostprocessing = 0;
		};
/* End PBXResourcesBuildPhase section */

/* Begin PBXSourcesBuildPhase section */
		DFC64FBF21229C840047C08D /* Sources */ = {
			isa = PBXSourcesBuildPhase;
			buildActionMask = 2147483647;
			files = (
				DF9B85AD2122F49800E10902 /* PersonModel.swift in Sources */,
				DFC64FCF21229C840047C08D /* HitList.xcdatamodeld in Sources */,
				DFC64FC921229C840047C08D /* HitListViewController.swift in Sources */,
				DF9B85AA2122EEEF00E10902 /* PersonTableViewCell.swift in Sources */,
				DFC64FC721229C840047C08D /* AppDelegate.swift in Sources */,
			);
			runOnlyForDeploymentPostprocessing = 0;
		};
/* End PBXSourcesBuildPhase section */

/* Begin PBXVariantGroup section */
		DFC64FCA21229C840047C08D /* Main.storyboard */ = {
			isa = PBXVariantGroup;
			children = (
				DFC64FCB21229C840047C08D /* Base */,
			);
			name = Main.storyboard;
			sourceTree = "<group>";
		};
		DFC64FD221229C840047C08D /* LaunchScreen.storyboard */ = {
			isa = PBXVariantGroup;
			children = (
				DFC64FD321229C840047C08D /* Base */,
			);
			name = LaunchScreen.storyboard;
			sourceTree = "<group>";
		};
/* End PBXVariantGroup section */

/* Begin XCBuildConfiguration section */
		DFC64FD621229C840047C08D /* Debug */ = {
			isa = XCBuildConfiguration;
			buildSettings = {
				ALWAYS_SEARCH_USER_PATHS = NO;
				CLANG_ANALYZER_NONNULL = YES;
				CLANG_ANALYZER_NUMBER_OBJECT_CONVERSION = YES_AGGRESSIVE;
				CLANG_CXX_LANGUAGE_STANDARD = "gnu++14";
				CLANG_CXX_LIBRARY = "libc++";
				CLANG_ENABLE_MODULES = YES;
				CLANG_ENABLE_OBJC_ARC = YES;
				CLANG_WARN_BLOCK_CAPTURE_AUTORELEASING = YES;
				CLANG_WARN_BOOL_CONVERSION = YES;
				CLANG_WARN_COMMA = YES;
				CLANG_WARN_CONSTANT_CONVERSION = YES;
				CLANG_WARN_DIRECT_OBJC_ISA_USAGE = YES_ERROR;
				CLANG_WARN_DOCUMENTATION_COMMENTS = YES;
				CLANG_WARN_EMPTY_BODY = YES;
				CLANG_WARN_ENUM_CONVERSION = YES;
				CLANG_WARN_INFINITE_RECURSION = YES;
				CLANG_WARN_INT_CONVERSION = YES;
				CLANG_WARN_NON_LITERAL_NULL_CONVERSION = YES;
				CLANG_WARN_OBJC_LITERAL_CONVERSION = YES;
				CLANG_WARN_OBJC_ROOT_CLASS = YES_ERROR;
				CLANG_WARN_RANGE_LOOP_ANALYSIS = YES;
				CLANG_WARN_STRICT_PROTOTYPES = YES;
				CLANG_WARN_SUSPICIOUS_MOVE = YES;
				CLANG_WARN_UNGUARDED_AVAILABILITY = YES_AGGRESSIVE;
				CLANG_WARN_UNREACHABLE_CODE = YES;
				CLANG_WARN__DUPLICATE_METHOD_MATCH = YES;
				CODE_SIGN_IDENTITY = "iPhone Developer";
				COPY_PHASE_STRIP = NO;
				DEBUG_INFORMATION_FORMAT = dwarf;
				ENABLE_STRICT_OBJC_MSGSEND = YES;
				ENABLE_TESTABILITY = YES;
				GCC_C_LANGUAGE_STANDARD = gnu11;
				GCC_DYNAMIC_NO_PIC = NO;
				GCC_NO_COMMON_BLOCKS = YES;
				GCC_OPTIMIZATION_LEVEL = 0;
				GCC_PREPROCESSOR_DEFINITIONS = (
					"DEBUG=1",
					"$(inherited)",
				);
				GCC_WARN_64_TO_32_BIT_CONVERSION = YES;
				GCC_WARN_ABOUT_RETURN_TYPE = YES_ERROR;
				GCC_WARN_UNDECLARED_SELECTOR = YES;
				GCC_WARN_UNINITIALIZED_AUTOS = YES_AGGRESSIVE;
				GCC_WARN_UNUSED_FUNCTION = YES;
				GCC_WARN_UNUSED_VARIABLE = YES;
				IPHONEOS_DEPLOYMENT_TARGET = 11.0;
				MTL_ENABLE_DEBUG_INFO = YES;
				ONLY_ACTIVE_ARCH = YES;
				SDKROOT = iphoneos;
				SWIFT_ACTIVE_COMPILATION_CONDITIONS = DEBUG;
				SWIFT_OPTIMIZATION_LEVEL = "-Onone";
			};
			name = Debug;
		};
		DFC64FD721229C840047C08D /* Release */ = {
			isa = XCBuildConfiguration;
			buildSettings = {
				ALWAYS_SEARCH_USER_PATHS = NO;
				CLANG_ANALYZER_NONNULL = YES;
				CLANG_ANALYZER_NUMBER_OBJECT_CONVERSION = YES_AGGRESSIVE;
				CLANG_CXX_LANGUAGE_STANDARD = "gnu++14";
				CLANG_CXX_LIBRARY = "libc++";
				CLANG_ENABLE_MODULES = YES;
				CLANG_ENABLE_OBJC_ARC = YES;
				CLANG_WARN_BLOCK_CAPTURE_AUTORELEASING = YES;
				CLANG_WARN_BOOL_CONVERSION = YES;
				CLANG_WARN_COMMA = YES;
				CLANG_WARN_CONSTANT_CONVERSION = YES;
				CLANG_WARN_DIRECT_OBJC_ISA_USAGE = YES_ERROR;
				CLANG_WARN_DOCUMENTATION_COMMENTS = YES;
				CLANG_WARN_EMPTY_BODY = YES;
				CLANG_WARN_ENUM_CONVERSION = YES;
				CLANG_WARN_INFINITE_RECURSION = YES;
				CLANG_WARN_INT_CONVERSION = YES;
				CLANG_WARN_NON_LITERAL_NULL_CONVERSION = YES;
				CLANG_WARN_OBJC_LITERAL_CONVERSION = YES;
				CLANG_WARN_OBJC_ROOT_CLASS = YES_ERROR;
				CLANG_WARN_RANGE_LOOP_ANALYSIS = YES;
				CLANG_WARN_STRICT_PROTOTYPES = YES;
				CLANG_WARN_SUSPICIOUS_MOVE = YES;
				CLANG_WARN_UNGUARDED_AVAILABILITY = YES_AGGRESSIVE;
				CLANG_WARN_UNREACHABLE_CODE = YES;
				CLANG_WARN__DUPLICATE_METHOD_MATCH = YES;
				CODE_SIGN_IDENTITY = "iPhone Developer";
				COPY_PHASE_STRIP = NO;
				DEBUG_INFORMATION_FORMAT = "dwarf-with-dsym";
				ENABLE_NS_ASSERTIONS = NO;
				ENABLE_STRICT_OBJC_MSGSEND = YES;
				GCC_C_LANGUAGE_STANDARD = gnu11;
				GCC_NO_COMMON_BLOCKS = YES;
				GCC_WARN_64_TO_32_BIT_CONVERSION = YES;
				GCC_WARN_ABOUT_RETURN_TYPE = YES_ERROR;
				GCC_WARN_UNDECLARED_SELECTOR = YES;
				GCC_WARN_UNINITIALIZED_AUTOS = YES_AGGRESSIVE;
				GCC_WARN_UNUSED_FUNCTION = YES;
				GCC_WARN_UNUSED_VARIABLE = YES;
				IPHONEOS_DEPLOYMENT_TARGET = 11.0;
				MTL_ENABLE_DEBUG_INFO = NO;
				SDKROOT = iphoneos;
				SWIFT_OPTIMIZATION_LEVEL = "-Owholemodule";
				VALIDATE_PRODUCT = YES;
			};
			name = Release;
		};
		DFC64FD921229C840047C08D /* Debug */ = {
			isa = XCBuildConfiguration;
			buildSettings = {
				ASSETCATALOG_COMPILER_APPICON_NAME = AppIcon;
				CODE_SIGN_STYLE = Automatic;
				DEVELOPMENT_TEAM = TU949ZW9EG;
				INFOPLIST_FILE = HitList/Info.plist;
				LD_RUNPATH_SEARCH_PATHS = "$(inherited) @executable_path/Frameworks";
				PRODUCT_BUNDLE_IDENTIFIER = com.genora.test.HitList;
				PRODUCT_NAME = "$(TARGET_NAME)";
				SWIFT_VERSION = 4.0;
				TARGETED_DEVICE_FAMILY = "1,2";
			};
			name = Debug;
		};
		DFC64FDA21229C840047C08D /* Release */ = {
			isa = XCBuildConfiguration;
			buildSettings = {
				ASSETCATALOG_COMPILER_APPICON_NAME = AppIcon;
				CODE_SIGN_STYLE = Automatic;
				DEVELOPMENT_TEAM = TU949ZW9EG;
				INFOPLIST_FILE = HitList/Info.plist;
				LD_RUNPATH_SEARCH_PATHS = "$(inherited) @executable_path/Frameworks";
				PRODUCT_BUNDLE_IDENTIFIER = com.genora.test.HitList;
				PRODUCT_NAME = "$(TARGET_NAME)";
				SWIFT_VERSION = 4.0;
				TARGETED_DEVICE_FAMILY = "1,2";
			};
			name = Release;
		};
/* End XCBuildConfiguration section */

/* Begin XCConfigurationList section */
		DFC64FBE21229C840047C08D /* Build configuration list for PBXProject "HitList" */ = {
			isa = XCConfigurationList;
			buildConfigurations = (
				DFC64FD621229C840047C08D /* Debug */,
				DFC64FD721229C840047C08D /* Release */,
			);
			defaultConfigurationIsVisible = 0;
			defaultConfigurationName = Release;
		};
		DFC64FD821229C840047C08D /* Build configuration list for PBXNativeTarget "HitList" */ = {
			isa = XCConfigurationList;
			buildConfigurations = (
				DFC64FD921229C840047C08D /* Debug */,
				DFC64FDA21229C840047C08D /* Release */,
			);
			defaultConfigurationIsVisible = 0;
			defaultConfigurationName = Release;
		};
/* End XCConfigurationList section */

/* Begin XCVersionGroup section */
		DFC64FCD21229C840047C08D /* HitList.xcdatamodeld */ = {
			isa = XCVersionGroup;
			children = (
				DFC64FCE21229C840047C08D /* HitList.xcdatamodel */,
			);
			currentVersion = DFC64FCE21229C840047C08D /* HitList.xcdatamodel */;
			path = HitList.xcdatamodeld;
			sourceTree = "<group>";
			versionGroupType = wrapper.xcdatamodel;
		};
/* End XCVersionGroup section */
	};
	rootObject = DFC64FBB21229C840047C08D /* Project object */;
}
